{
  "name": "server",
  "version": "1.0.0",
  "lockfileVersion": 2,
  "requires": true,
  "packages": {
    "": {
      "name": "server",
      "version": "1.0.0",
      "license": "ISC",
      "dependencies": {
        "@jovotech/model-snips": "^4.0.0-beta.1"
      }
    },
    "node_modules/@jovotech/model": {
      "version": "4.0.0-beta.1",
      "resolved": "https://registry.npmjs.org/@jovotech/model/-/model-4.0.0-beta.1.tgz",
      "integrity": "sha512-0PwdWspvVOSyQPyojjaTZP08I8A5rRqrUwjreIFgTOZjWfE8IWmtGcI6QXOIM5+6d8YFqVYF2TcOKlBN6bPycQ==",
      "dependencies": {
        "lodash.has": "^4.5.2"
      }
    },
    "node_modules/@jovotech/model-snips": {
      "version": "4.0.0-beta.1",
      "resolved": "https://registry.npmjs.org/@jovotech/model-snips/-/model-snips-4.0.0-beta.1.tgz",
      "integrity": "sha512-M9hSw62xAj4/eS3ao4sftr5QjBM8QYDiWet9bQs2gBSVOze3mGPxu6aNZMKBnyK19BHcgdBFCy4QbYqN2ecvnQ==",
      "dependencies": {
        "@jovotech/model": "^4.0.0-beta.1",
        "lodash.get": "^4.4.2",
        "lodash.set": "^4.3.2",
        "lodash.startswith": "^4.2.1",
        "tv4": "^1.3.0"
      }
    },
    "node_modules/lodash.get": {
      "version": "4.4.2",
      "resolved": "https://registry.npmjs.org/lodash.get/-/lodash.get-4.4.2.tgz",
      "integrity": "sha1-LRd/ZS+jHpObRDjVNBSZ36OCXpk="
    },
    "node_modules/lodash.has": {
      "version": "4.5.2",
      "resolved": "https://registry.npmjs.org/lodash.has/-/lodash.has-4.5.2.tgz",
      "integrity": "sha1-0Z9NwQlQWMzL4rDN9O4P5Ko3yGI="
    },
    "node_modules/lodash.set": {
      "version": "4.3.2",
      "resolved": "https://registry.npmjs.org/lodash.set/-/lodash.set-4.3.2.tgz",
      "integrity": "sha1-2HV7HagH3eJIFrDWqEvqGnYjCyM="
    },
    "node_modules/lodash.startswith": {
      "version": "4.2.1",
      "resolved": "https://registry.npmjs.org/lodash.startswith/-/lodash.startswith-4.2.1.tgz",
      "integrity": "sha1-xZjErc4YiiflMUVzHNxsDnF3YAw="
    },
    "node_modules/tv4": {
      "version": "1.3.0",
      "resolved": "https://registry.npmjs.org/tv4/-/tv4-1.3.0.tgz",
      "integrity": "sha1-0CDIRvrdUMhVq7JeuuzGj8EPeWM=",
      "engines": {
        "node": ">= 0.8.0"
      }
    }
  },
  "dependencies": {
    "@jovotech/model": {
      "version": "4.0.0-beta.1",
      "resolved": "https://registry.npmjs.org/@jovotech/model/-/model-4.0.0-beta.1.tgz",
      "integrity": "sha512-0PwdWspvVOSyQPyojjaTZP08I8A5rRqrUwjreIFgTOZjWfE8IWmtGcI6QXOIM5+6d8YFqVYF2TcOKlBN6bPycQ==",
      "requires": {
        "lodash.has": "^4.5.2"
      }
    },
    "@jovotech/model-snips": {
      "version": "4.0.0-beta.1",
      "resolved": "https://registry.npmjs.org/@jovotech/model-snips/-/model-snips-4.0.0-beta.1.tgz",
      "integrity": "sha512-M9hSw62xAj4/eS3ao4sftr5QjBM8QYDiWet9bQs2gBSVOze3mGPxu6aNZMKBnyK19BHcgdBFCy4QbYqN2ecvnQ==",
      "requires": {
        "@jovotech/model": "^4.0.0-beta.1",
        "lodash.get": "^4.4.2",
        "lodash.set": "^4.3.2",
        "lodash.startswith": "^4.2.1",
        "tv4": "^1.3.0"
      }
    },
    "lodash.get": {
      "version": "4.4.2",
      "resolved": "https://registry.npmjs.org/lodash.get/-/lodash.get-4.4.2.tgz",
      "integrity": "sha1-LRd/ZS+jHpObRDjVNBSZ36OCXpk="
    },
    "lodash.has": {
      "version": "4.5.2",
      "resolved": "https://registry.npmjs.org/lodash.has/-/lodash.has-4.5.2.tgz",
      "integrity": "sha1-0Z9NwQlQWMzL4rDN9O4P5Ko3yGI="
    },
    "lodash.set": {
      "version": "4.3.2",
      "resolved": "https://registry.npmjs.org/lodash.set/-/lodash.set-4.3.2.tgz",
      "integrity": "sha1-2HV7HagH3eJIFrDWqEvqGnYjCyM="
    },
    "lodash.startswith": {
      "version": "4.2.1",
      "resolved": "https://registry.npmjs.org/lodash.startswith/-/lodash.startswith-4.2.1.tgz",
      "integrity": "sha1-xZjErc4YiiflMUVzHNxsDnF3YAw="
    },
    "tv4": {
      "version": "1.3.0",
      "resolved": "https://registry.npmjs.org/tv4/-/tv4-1.3.0.tgz",
      "integrity": "sha1-0CDIRvrdUMhVq7JeuuzGj8EPeWM="
    }
  }
}
