{
  "name": "server",
  "version": "1.0.0",
  "lockfileVersion": 1,
  "requires": true,
  "dependencies": {
    "jovo-model": {
      "version": "3.0.1",
      "resolved": "https://registry.npmjs.org/jovo-model/-/jovo-model-3.0.1.tgz",
      "integrity": "sha512-HKqOTPRcrso0sZt8tXXCocuvd9mElkJ+TYyZYtKI6A3FVurGOtDtDIPtjp4NjcSofL61+EYuvcFje+j5gzlFNg==",
      "requires": {
        "lodash.has": "^4.5.2"
      }
    },
    "jovo-model-rasa": {
      "version": "3.0.0",
      "resolved": "https://registry.npmjs.org/jovo-model-rasa/-/jovo-model-rasa-3.0.0.tgz",
      "integrity": "sha512-DGQj9gvS9yjwVEEgAZIDV1FezgJRQUiq4gUPDzHZ1PPXICyn5EyC6vaX++yTonZBY387Kb46mcE4EU/1yQMcXQ==",
      "requires": {
        "jovo-model": "^3.0.1"
      }
    },
    "lodash.has": {
      "version": "4.5.2",
      "resolved": "https://registry.npmjs.org/lodash.has/-/lodash.has-4.5.2.tgz",
      "integrity": "sha1-0Z9NwQlQWMzL4rDN9O4P5Ko3yGI="
    }
  }
}
